Microsoft Visual Studio Solution File, Format Version 12.00
# Visual Studio Version 16
VisualStudioVersion = 16.0.30711.63
MinimumVisualStudioVersion = 10.0.40219.1
Project("{2150E333-8FDC-42A3-9474-1A3956D46DE8}") = "Libraries", "Libraries", "{4FEAD763-92D9-4153-826B-12F9D0A37AC2}"
EndProject
Project("{2150E333-8FDC-42A3-9474-1A3956D46DE8}") = "Unit testing", "Unit testing", "{AA15D5CE-0976-46EA-AC4B-963E89CA6206}"
EndProject
Project("{2150E333-8FDC-42A3-9474-1A3956D46DE8}") = "Applications", "Applications", "{3BEA77CB-7276-4712-B62F-BA7567B9F8F1}"
EndProject
Project("{9A19103F-16F7-4668-BE54-9A1E7A4F7556}") = "TestSprites", "TestSprites\TestSprites.csproj", "{54731474-0FFF-49B9-A358-114E308C6C91}"
EndProject
Project("{9A19103F-16F7-4668-BE54-9A1E7A4F7556}") = "GUI", "GUI\GUI.csproj", "{8BEAB3C9-C9BE-48AA-B901-C92AF4D646BA}"
EndProject
Project("{9A19103F-16F7-4668-BE54-9A1E7A4F7556}") = "Engine", "Engine\Engine.csproj", "{CFB3CF94-61BB-44A1-9B1F-2C9DBA61FF19}"
EndProject
Project("{FAE04EC0-301F-11D3-BF4B-00C04F79EFBC}") = "EngineTests", "EngineTests\EngineTests.csproj", "{FE631152-3FF4-4440-A1AD-AC62BF9D2B9B}"
EndProject
Global
	GlobalSection(SolutionConfigurationPlatforms) = preSolution
		Debug|Any CPU = Debug|Any CPU
		Release|Any CPU = Release|Any CPU
	EndGlobalSection
	GlobalSection(ProjectConfigurationPlatforms) = postSolution
		{54731474-0FFF-49B9-A358-114E308C6C91}.Debug|Any CPU.ActiveCfg = Debug|Any CPU
		{54731474-0FFF-49B9-A358-114E308C6C91}.Debug|Any CPU.Build.0 = Debug|Any CPU
		{54731474-0FFF-49B9-A358-114E308C6C91}.Release|Any CPU.ActiveCfg = Release|Any CPU
		{54731474-0FFF-49B9-A358-114E308C6C91}.Release|Any CPU.Build.0 = Release|Any CPU
		{8BEAB3C9-C9BE-48AA-B901-C92AF4D646BA}.Debug|Any CPU.ActiveCfg = Debug|Any CPU
		{8BEAB3C9-C9BE-48AA-B901-C92AF4D646BA}.Debug|Any CPU.Build.0 = Debug|Any CPU
		{8BEAB3C9-C9BE-48AA-B901-C92AF4D646BA}.Release|Any CPU.ActiveCfg = Release|Any CPU
		{8BEAB3C9-C9BE-48AA-B901-C92AF4D646BA}.Release|Any CPU.Build.0 = Release|Any CPU
		{CFB3CF94-61BB-44A1-9B1F-2C9DBA61FF19}.Debug|Any CPU.ActiveCfg = Debug|Any CPU
		{CFB3CF94-61BB-44A1-9B1F-2C9DBA61FF19}.Debug|Any CPU.Build.0 = Debug|Any CPU
		{CFB3CF94-61BB-44A1-9B1F-2C9DBA61FF19}.Release|Any CPU.ActiveCfg = Release|Any CPU
		{CFB3CF94-61BB-44A1-9B1F-2C9DBA61FF19}.Release|Any CPU.Build.0 = Release|Any CPU
		{FE631152-3FF4-4440-A1AD-AC62BF9D2B9B}.Debug|Any CPU.ActiveCfg = Debug|Any CPU
		{FE631152-3FF4-4440-A1AD-AC62BF9D2B9B}.Debug|Any CPU.Build.0 = Debug|Any CPU
		{FE631152-3FF4-4440-A1AD-AC62BF9D2B9B}.Release|Any CPU.ActiveCfg = Release|Any CPU
		{FE631152-3FF4-4440-A1AD-AC62BF9D2B9B}.Release|Any CPU.Build.0 = Release|Any CPU
	EndGlobalSection
	GlobalSection(SolutionProperties) = preSolution
		HideSolutionNode = FALSE
	EndGlobalSection
	GlobalSection(NestedProjects) = preSolution
		{54731474-0FFF-49B9-A358-114E308C6C91} = {3BEA77CB-7276-4712-B62F-BA7567B9F8F1}
		{8BEAB3C9-C9BE-48AA-B901-C92AF4D646BA} = {3BEA77CB-7276-4712-B62F-BA7567B9F8F1}
		{CFB3CF94-61BB-44A1-9B1F-2C9DBA61FF19} = {4FEAD763-92D9-4153-826B-12F9D0A37AC2}
		{FE631152-3FF4-4440-A1AD-AC62BF9D2B9B} = {AA15D5CE-0976-46EA-AC4B-963E89CA6206}
	EndGlobalSection
	GlobalSection(ExtensibilityGlobals) = postSolution
		SolutionGuid = {1740F783-1A41-46AD-B6D3-2F6E0E487FD4}
	EndGlobalSection
EndGlobal
