Microsoft Visual Studio Solution File, Format Version 12.00
# Visual Studio Version 16
VisualStudioVersion = 16.0.30711.63
MinimumVisualStudioVersion = 10.0.40219.1
Project("{9A19103F-16F7-4668-BE54-9A1E7A4F7556}") = "GUI", "GUI\GUI.csproj", "{D0AE7EB4-E861-40B5-AE3E-08E11946C686}"
EndProject
Project("{2150E333-8FDC-42A3-9474-1A3956D46DE8}") = "Libraries", "Libraries", "{4FEAD763-92D9-4153-826B-12F9D0A37AC2}"
EndProject
Project("{2150E333-8FDC-42A3-9474-1A3956D46DE8}") = "Unit testing", "Unit testing", "{AA15D5CE-0976-46EA-AC4B-963E89CA6206}"
EndProject
Project("{2150E333-8FDC-42A3-9474-1A3956D46DE8}") = "Applications", "Applications", "{3BEA77CB-7276-4712-B62F-BA7567B9F8F1}"
EndProject
Project("{9A19103F-16F7-4668-BE54-9A1E7A4F7556}") = "Engine", "Engine\Engine.csproj", "{F9DE43D1-35AE-4BB0-A206-90F533C2B1C6}"
EndProject
Project("{9A19103F-16F7-4668-BE54-9A1E7A4F7556}") = "TestSprites", "TestSprites\TestSprites.csproj", "{C979B28F-37E7-465F-B6E2-08C99D794BCE}"
EndProject
Project("{9A19103F-16F7-4668-BE54-9A1E7A4F7556}") = "EngineTests", "EngineTests\EngineTests.csproj", "{E97B9E49-713C-46B5-BD86-277300EC082A}"
EndProject
Project("{FAE04EC0-301F-11D3-BF4B-00C04F79EFBC}") = "GUI.Core", "GUI.Core\GUI.Core.csproj", "{2F4F8B18-92C2-4190-B62E-0F4D90DC011C}"
EndProject
Project("{FAE04EC0-301F-11D3-BF4B-00C04F79EFBC}") = "TestSprites.Core", "TestSprites.Core\TestSprites.Core.csproj", "{54731474-0FFF-49B9-A358-114E308C6C91}"
EndProject
Project("{FAE04EC0-301F-11D3-BF4B-00C04F79EFBC}") = "Engine.Core", "Engine.Core\Engine.Core.csproj", "{92A39AC9-9895-4885-9615-8301AC57675D}"
EndProject
Project("{FAE04EC0-301F-11D3-BF4B-00C04F79EFBC}") = "Engine.Standard", "Engine.Standard\Engine.Standard.csproj", "{0310A0EA-69F3-473C-8F2D-B0BBC17963BC}"
EndProject
Project("{FAE04EC0-301F-11D3-BF4B-00C04F79EFBC}") = "EngineTests.Core", "EngineTests.Core\EngineTests.Core.csproj", "{044B1E9F-1434-44CD-93FF-471C380E1517}"
EndProject
Global
	GlobalSection(SolutionConfigurationPlatforms) = preSolution
		Debug|Any CPU = Debug|Any CPU
		Release|Any CPU = Release|Any CPU
	EndGlobalSection
	GlobalSection(ProjectConfigurationPlatforms) = postSolution
		{D0AE7EB4-E861-40B5-AE3E-08E11946C686}.Debug|Any CPU.ActiveCfg = Debug|Any CPU
		{D0AE7EB4-E861-40B5-AE3E-08E11946C686}.Debug|Any CPU.Build.0 = Debug|Any CPU
		{D0AE7EB4-E861-40B5-AE3E-08E11946C686}.Release|Any CPU.ActiveCfg = Release|Any CPU
		{D0AE7EB4-E861-40B5-AE3E-08E11946C686}.Release|Any CPU.Build.0 = Release|Any CPU
		{F9DE43D1-35AE-4BB0-A206-90F533C2B1C6}.Debug|Any CPU.ActiveCfg = Debug|Any CPU
		{F9DE43D1-35AE-4BB0-A206-90F533C2B1C6}.Debug|Any CPU.Build.0 = Debug|Any CPU
		{F9DE43D1-35AE-4BB0-A206-90F533C2B1C6}.Release|Any CPU.ActiveCfg = Release|Any CPU
		{F9DE43D1-35AE-4BB0-A206-90F533C2B1C6}.Release|Any CPU.Build.0 = Release|Any CPU
		{C979B28F-37E7-465F-B6E2-08C99D794BCE}.Debug|Any CPU.ActiveCfg = Debug|Any CPU
		{C979B28F-37E7-465F-B6E2-08C99D794BCE}.Debug|Any CPU.Build.0 = Debug|Any CPU
		{C979B28F-37E7-465F-B6E2-08C99D794BCE}.Release|Any CPU.ActiveCfg = Release|Any CPU
		{C979B28F-37E7-465F-B6E2-08C99D794BCE}.Release|Any CPU.Build.0 = Release|Any CPU
		{E97B9E49-713C-46B5-BD86-277300EC082A}.Debug|Any CPU.ActiveCfg = Debug|Any CPU
		{E97B9E49-713C-46B5-BD86-277300EC082A}.Debug|Any CPU.Build.0 = Debug|Any CPU
		{E97B9E49-713C-46B5-BD86-277300EC082A}.Release|Any CPU.ActiveCfg = Release|Any CPU
		{E97B9E49-713C-46B5-BD86-277300EC082A}.Release|Any CPU.Build.0 = Release|Any CPU
		{2F4F8B18-92C2-4190-B62E-0F4D90DC011C}.Debug|Any CPU.ActiveCfg = Debug|Any CPU
		{2F4F8B18-92C2-4190-B62E-0F4D90DC011C}.Debug|Any CPU.Build.0 = Debug|Any CPU
		{2F4F8B18-92C2-4190-B62E-0F4D90DC011C}.Release|Any CPU.ActiveCfg = Release|Any CPU
		{2F4F8B18-92C2-4190-B62E-0F4D90DC011C}.Release|Any CPU.Build.0 = Release|Any CPU
		{54731474-0FFF-49B9-A358-114E308C6C91}.Debug|Any CPU.ActiveCfg = Debug|Any CPU
		{54731474-0FFF-49B9-A358-114E308C6C91}.Debug|Any CPU.Build.0 = Debug|Any CPU
		{54731474-0FFF-49B9-A358-114E308C6C91}.Release|Any CPU.ActiveCfg = Release|Any CPU
		{54731474-0FFF-49B9-A358-114E308C6C91}.Release|Any CPU.Build.0 = Release|Any CPU
		{92A39AC9-9895-4885-9615-8301AC57675D}.Debug|Any CPU.ActiveCfg = Debug|Any CPU
		{92A39AC9-9895-4885-9615-8301AC57675D}.Debug|Any CPU.Build.0 = Debug|Any CPU
		{92A39AC9-9895-4885-9615-8301AC57675D}.Release|Any CPU.ActiveCfg = Release|Any CPU
		{92A39AC9-9895-4885-9615-8301AC57675D}.Release|Any CPU.Build.0 = Release|Any CPU
		{0310A0EA-69F3-473C-8F2D-B0BBC17963BC}.Debug|Any CPU.ActiveCfg = Debug|Any CPU
		{0310A0EA-69F3-473C-8F2D-B0BBC17963BC}.Debug|Any CPU.Build.0 = Debug|Any CPU
		{0310A0EA-69F3-473C-8F2D-B0BBC17963BC}.Release|Any CPU.ActiveCfg = Release|Any CPU
		{0310A0EA-69F3-473C-8F2D-B0BBC17963BC}.Release|Any CPU.Build.0 = Release|Any CPU
		{044B1E9F-1434-44CD-93FF-471C380E1517}.Debug|Any CPU.ActiveCfg = Debug|Any CPU
		{044B1E9F-1434-44CD-93FF-471C380E1517}.Debug|Any CPU.Build.0 = Debug|Any CPU
		{044B1E9F-1434-44CD-93FF-471C380E1517}.Release|Any CPU.ActiveCfg = Release|Any CPU
		{044B1E9F-1434-44CD-93FF-471C380E1517}.Release|Any CPU.Build.0 = Release|Any CPU
	EndGlobalSection
	GlobalSection(SolutionProperties) = preSolution
		HideSolutionNode = FALSE
	EndGlobalSection
	GlobalSection(NestedProjects) = preSolution
		{D0AE7EB4-E861-40B5-AE3E-08E11946C686} = {3BEA77CB-7276-4712-B62F-BA7567B9F8F1}
		{F9DE43D1-35AE-4BB0-A206-90F533C2B1C6} = {4FEAD763-92D9-4153-826B-12F9D0A37AC2}
		{C979B28F-37E7-465F-B6E2-08C99D794BCE} = {3BEA77CB-7276-4712-B62F-BA7567B9F8F1}
		{E97B9E49-713C-46B5-BD86-277300EC082A} = {AA15D5CE-0976-46EA-AC4B-963E89CA6206}
		{2F4F8B18-92C2-4190-B62E-0F4D90DC011C} = {3BEA77CB-7276-4712-B62F-BA7567B9F8F1}
		{54731474-0FFF-49B9-A358-114E308C6C91} = {3BEA77CB-7276-4712-B62F-BA7567B9F8F1}
		{92A39AC9-9895-4885-9615-8301AC57675D} = {4FEAD763-92D9-4153-826B-12F9D0A37AC2}
		{0310A0EA-69F3-473C-8F2D-B0BBC17963BC} = {4FEAD763-92D9-4153-826B-12F9D0A37AC2}
		{044B1E9F-1434-44CD-93FF-471C380E1517} = {AA15D5CE-0976-46EA-AC4B-963E89CA6206}
	EndGlobalSection
	GlobalSection(ExtensibilityGlobals) = postSolution
		SolutionGuid = {1740F783-1A41-46AD-B6D3-2F6E0E487FD4}
	EndGlobalSection
EndGlobal
